// !$*UTF8*$!
{
	archiveVersion = 1;
	classes = {
	};
	objectVersion = 56;
	objects = {

/* Begin PBXBuildFile section */
		FBA1D0EC2AC85E47001E3262 /* SwiftUI_WeatherApp.swift in Sources */ = {isa = PBXBuildFile; fileRef = FBA1D0EB2AC85E47001E3262 /* SwiftUI_WeatherApp.swift */; };
		FBA1D0EE2AC85E47001E3262 /* ContentView.swift in Sources */ = {isa = PBXBuildFile; fileRef = FBA1D0ED2AC85E47001E3262 /* ContentView.swift */; };
		FBA1D0F02AC85E49001E3262 /* Assets.xcassets in Resources */ = {isa = PBXBuildFile; fileRef = FBA1D0EF2AC85E49001E3262 /* Assets.xcassets */; };
		FBA1D0F42AC85E49001E3262 /* Preview Assets.xcassets in Resources */ = {isa = PBXBuildFile; fileRef = FBA1D0F32AC85E49001E3262 /* Preview Assets.xcassets */; };
		FBA1D0FE2AC85E49001E3262 /* SwiftUI_WeatherTests.swift in Sources */ = {isa = PBXBuildFile; fileRef = FBA1D0FD2AC85E49001E3262 /* SwiftUI_WeatherTests.swift */; };
		FBA1D1082AC85E49001E3262 /* SwiftUI_WeatherUITests.swift in Sources */ = {isa = PBXBuildFile; fileRef = FBA1D1072AC85E49001E3262 /* SwiftUI_WeatherUITests.swift */; };
		FBA1D10A2AC85E49001E3262 /* SwiftUI_WeatherUITestsLaunchTests.swift in Sources */ = {isa = PBXBuildFile; fileRef = FBA1D1092AC85E49001E3262 /* SwiftUI_WeatherUITestsLaunchTests.swift */; };
/* End PBXBuildFile section */

/* Begin PBXContainerItemProxy section */
		FBA1D0FA2AC85E49001E3262 /* PBXContainerItemProxy */ = {
			isa = PBXContainerItemProxy;
			containerPortal = FBA1D0E02AC85E47001E3262 /* Project object */;
			proxyType = 1;
			remoteGlobalIDString = FBA1D0E72AC85E47001E3262;
			remoteInfo = "SwiftUI-Weather";
		};
		FBA1D1042AC85E49001E3262 /* PBXContainerItemProxy */ = {
			isa = PBXContainerItemProxy;
			containerPortal = FBA1D0E02AC85E47001E3262 /* Project object */;
			proxyType = 1;
			remoteGlobalIDString = FBA1D0E72AC85E47001E3262;
			remoteInfo = "SwiftUI-Weather";
		};
/* End PBXContainerItemProxy section */

/* Begin PBXFileReference section */
		FBA1D0E82AC85E47001E3262 /* SwiftUI-Weather.app */ = {isa = PBXFileReference; explicitFileType = wrapper.application; includeInIndex = 0; path = "SwiftUI-Weather.app"; sourceTree = BUILT_PRODUCTS_DIR; };
		FBA1D0EB2AC85E47001E3262 /* SwiftUI_WeatherApp.swift */ = {isa = PBXFileReference; lastKnownFileType = sourcecode.swift; path = SwiftUI_WeatherApp.swift; sourceTree = "<group>"; };
		FBA1D0ED2AC85E47001E3262 /* ContentView.swift */ = {isa = PBXFileReference; lastKnownFileType = sourcecode.swift; path = ContentView.swift; sourceTree = "<group>"; };
		FBA1D0EF2AC85E49001E3262 /* Assets.xcassets */ = {isa = PBXFileReference; lastKnownFileType = folder.assetcatalog; path = Assets.xcassets; sourceTree = "<group>"; };
		FBA1D0F12AC85E49001E3262 /* SwiftUI_Weather.entitlements */ = {isa = PBXFileReference; lastKnownFileType = text.plist.entitlements; path = SwiftUI_Weather.entitlements; sourceTree = "<group>"; };
		FBA1D0F32AC85E49001E3262 /* Preview Assets.xcassets */ = {isa = PBXFileReference; lastKnownFileType = folder.assetcatalog; path = "Preview Assets.xcassets"; sourceTree = "<group>"; };
		FBA1D0F92AC85E49001E3262 /* SwiftUI-WeatherTests.xctest */ = {isa = PBXFileReference; explicitFileType = wrapper.cfbundle; includeInIndex = 0; path = "SwiftUI-WeatherTests.xctest"; sourceTree = BUILT_PRODUCTS_DIR; };
		FBA1D0FD2AC85E49001E3262 /* SwiftUI_WeatherTests.swift */ = {isa = PBXFileReference; lastKnownFileType = sourcecode.swift; path = SwiftUI_WeatherTests.swift; sourceTree = "<group>"; };
		FBA1D1032AC85E49001E3262 /* SwiftUI-WeatherUITests.xctest */ = {isa = PBXFileReference; explicitFileType = wrapper.cfbundle; includeInIndex = 0; path = "SwiftUI-WeatherUITests.xctest"; sourceTree = BUILT_PRODUCTS_DIR; };
		FBA1D1072AC85E49001E3262 /* SwiftUI_WeatherUITests.swift */ = {isa = PBXFileReference; lastKnownFileType = sourcecode.swift; path = SwiftUI_WeatherUITests.swift; sourceTree = "<group>"; };
		FBA1D1092AC85E49001E3262 /* SwiftUI_WeatherUITestsLaunchTests.swift */ = {isa = PBXFileReference; lastKnownFileType = sourcecode.swift; path = SwiftUI_WeatherUITestsLaunchTests.swift; sourceTree = "<group>"; };
/* End PBXFileReference section */

/* Begin PBXFrameworksBuildPhase section */
		FBA1D0E52AC85E47001E3262 /* Frameworks */ = {
			isa = PBXFrameworksBuildPhase;
			buildActionMask = 2147483647;
			files = (
			);
			runOnlyForDeploymentPostprocessing = 0;
		};
		FBA1D0F62AC85E49001E3262 /* Frameworks */ = {
			isa = PBXFrameworksBuildPhase;
			buildActionMask = 2147483647;
			files = (
			);
			runOnlyForDeploymentPostprocessing = 0;
		};
		FBA1D1002AC85E49001E3262 /* Frameworks */ = {
			isa = PBXFrameworksBuildPhase;
			buildActionMask = 2147483647;
			files = (
			);
			runOnlyForDeploymentPostprocessing = 0;
		};
/* End PBXFrameworksBuildPhase section */

/* Begin PBXGroup section */
		FBA1D0DF2AC85E47001E3262 = {
			isa = PBXGroup;
			children = (
				FBA1D0EA2AC85E47001E3262 /* SwiftUI-Weather */,
				FBA1D0FC2AC85E49001E3262 /* SwiftUI-WeatherTests */,
				FBA1D1062AC85E49001E3262 /* SwiftUI-WeatherUITests */,
				FBA1D0E92AC85E47001E3262 /* Products */,
			);
			sourceTree = "<group>";
		};
		FBA1D0E92AC85E47001E3262 /* Products */ = {
			isa = PBXGroup;
			children = (
				FBA1D0E82AC85E47001E3262 /* SwiftUI-Weather.app */,
				FBA1D0F92AC85E49001E3262 /* SwiftUI-WeatherTests.xctest */,
				FBA1D1032AC85E49001E3262 /* SwiftUI-WeatherUITests.xctest */,
			);
			name = Products;
			sourceTree = "<group>";
		};
		FBA1D0EA2AC85E47001E3262 /* SwiftUI-Weather */ = {
			isa = PBXGroup;
			children = (
				FBA1D0EB2AC85E47001E3262 /* SwiftUI_WeatherApp.swift */,
				FBA1D0ED2AC85E47001E3262 /* ContentView.swift */,
				FBA1D0EF2AC85E49001E3262 /* Assets.xcassets */,
				FBA1D0F12AC85E49001E3262 /* SwiftUI_Weather.entitlements */,
				FBA1D0F22AC85E49001E3262 /* Preview Content */,
			);
			path = "SwiftUI-Weather";
			sourceTree = "<group>";
		};
		FBA1D0F22AC85E49001E3262 /* Preview Content */ = {
			isa = PBXGroup;
			children = (
				FBA1D0F32AC85E49001E3262 /* Preview Assets.xcassets */,
			);
			path = "Preview Content";
			sourceTree = "<group>";
		};
		FBA1D0FC2AC85E49001E3262 /* SwiftUI-WeatherTests */ = {
			isa = PBXGroup;
			children = (
				FBA1D0FD2AC85E49001E3262 /* SwiftUI_WeatherTests.swift */,
			);
			path = "SwiftUI-WeatherTests";
			sourceTree = "<group>";
		};
		FBA1D1062AC85E49001E3262 /* SwiftUI-WeatherUITests */ = {
			isa = PBXGroup;
			children = (
				FBA1D1072AC85E49001E3262 /* SwiftUI_WeatherUITests.swift */,
				FBA1D1092AC85E49001E3262 /* SwiftUI_WeatherUITestsLaunchTests.swift */,
			);
			path = "SwiftUI-WeatherUITests";
			sourceTree = "<group>";
		};
/* End PBXGroup section */

/* Begin PBXNativeTarget section */
		FBA1D0E72AC85E47001E3262 /* SwiftUI-Weather */ = {
			isa = PBXNativeTarget;
			buildConfigurationList = FBA1D10D2AC85E49001E3262 /* Build configuration list for PBXNativeTarget "SwiftUI-Weather" */;
			buildPhases = (
				FBA1D0E42AC85E47001E3262 /* Sources */,
				FBA1D0E52AC85E47001E3262 /* Frameworks */,
				FBA1D0E62AC85E47001E3262 /* Resources */,
			);
			buildRules = (
			);
			dependencies = (
			);
			name = "SwiftUI-Weather";
			productName = "SwiftUI-Weather";
			productReference = FBA1D0E82AC85E47001E3262 /* SwiftUI-Weather.app */;
			productType = "com.apple.product-type.application";
		};
		FBA1D0F82AC85E49001E3262 /* SwiftUI-WeatherTests */ = {
			isa = PBXNativeTarget;
			buildConfigurationList = FBA1D1102AC85E49001E3262 /* Build configuration list for PBXNativeTarget "SwiftUI-WeatherTests" */;
			buildPhases = (
				FBA1D0F52AC85E49001E3262 /* Sources */,
				FBA1D0F62AC85E49001E3262 /* Frameworks */,
				FBA1D0F72AC85E49001E3262 /* Resources */,
			);
			buildRules = (
			);
			dependencies = (
				FBA1D0FB2AC85E49001E3262 /* PBXTargetDependency */,
			);
			name = "SwiftUI-WeatherTests";
			productName = "SwiftUI-WeatherTests";
			productReference = FBA1D0F92AC85E49001E3262 /* SwiftUI-WeatherTests.xctest */;
			productType = "com.apple.product-type.bundle.unit-test";
		};
		FBA1D1022AC85E49001E3262 /* SwiftUI-WeatherUITests */ = {
			isa = PBXNativeTarget;
			buildConfigurationList = FBA1D1132AC85E49001E3262 /* Build configuration list for PBXNativeTarget "SwiftUI-WeatherUITests" */;
			buildPhases = (
				FBA1D0FF2AC85E49001E3262 /* Sources */,
				FBA1D1002AC85E49001E3262 /* Frameworks */,
				FBA1D1012AC85E49001E3262 /* Resources */,
			);
			buildRules = (
			);
			dependencies = (
				FBA1D1052AC85E49001E3262 /* PBXTargetDependency */,
			);
			name = "SwiftUI-WeatherUITests";
			productName = "SwiftUI-WeatherUITests";
			productReference = FBA1D1032AC85E49001E3262 /* SwiftUI-WeatherUITests.xctest */;
			productType = "com.apple.product-type.bundle.ui-testing";
		};
/* End PBXNativeTarget section */

/* Begin PBXProject section */
		FBA1D0E02AC85E47001E3262 /* Project object */ = {
			isa = PBXProject;
			attributes = {
				BuildIndependentTargetsInParallel = 1;
				LastSwiftUpdateCheck = 1500;
				LastUpgradeCheck = 1500;
				TargetAttributes = {
					FBA1D0E72AC85E47001E3262 = {
						CreatedOnToolsVersion = 15.0;
					};
					FBA1D0F82AC85E49001E3262 = {
						CreatedOnToolsVersion = 15.0;
						TestTargetID = FBA1D0E72AC85E47001E3262;
					};
					FBA1D1022AC85E49001E3262 = {
						CreatedOnToolsVersion = 15.0;
						TestTargetID = FBA1D0E72AC85E47001E3262;
					};
				};
			};
			buildConfigurationList = FBA1D0E32AC85E47001E3262 /* Build configuration list for PBXProject "SwiftUI-Weather" */;
			compatibilityVersion = "Xcode 14.0";
			developmentRegion = en;
			hasScannedForEncodings = 0;
			knownRegions = (
				en,
				Base,
			);
			mainGroup = FBA1D0DF2AC85E47001E3262;
			productRefGroup = FBA1D0E92AC85E47001E3262 /* Products */;
			projectDirPath = "";
			projectRoot = "";
			targets = (
				FBA1D0E72AC85E47001E3262 /* SwiftUI-Weather */,
				FBA1D0F82AC85E49001E3262 /* SwiftUI-WeatherTests */,
				FBA1D1022AC85E49001E3262 /* SwiftUI-WeatherUITests */,
			);
		};
/* End PBXProject section */

/* Begin PBXResourcesBuildPhase section */
		FBA1D0E62AC85E47001E3262 /* Resources */ = {
			isa = PBXResourcesBuildPhase;
			buildActionMask = 2147483647;
			files = (
				FBA1D0F42AC85E49001E3262 /* Preview Assets.xcassets in Resources */,
				FBA1D0F02AC85E49001E3262 /* Assets.xcassets in Resources */,
			);
			runOnlyForDeploymentPostprocessing = 0;
		};
		FBA1D0F72AC85E49001E3262 /* Resources */ = {
			isa = PBXResourcesBuildPhase;
			buildActionMask = 2147483647;
			files = (
			);
			runOnlyForDeploymentPostprocessing = 0;
		};
		FBA1D1012AC85E49001E3262 /* Resources */ = {
			isa = PBXResourcesBuildPhase;
			buildActionMask = 2147483647;
			files = (
			);
			runOnlyForDeploymentPostprocessing = 0;
		};
/* End PBXResourcesBuildPhase section */

/* Begin PBXSourcesBuildPhase section */
		FBA1D0E42AC85E47001E3262 /* Sources */ = {
			isa = PBXSourcesBuildPhase;
			buildActionMask = 2147483647;
			files = (
				FBA1D0EE2AC85E47001E3262 /* ContentView.swift in Sources */,
				FBA1D0EC2AC85E47001E3262 /* SwiftUI_WeatherApp.swift in Sources */,
			);
			runOnlyForDeploymentPostprocessing = 0;
		};
		FBA1D0F52AC85E49001E3262 /* Sources */ = {
			isa = PBXSourcesBuildPhase;
			buildActionMask = 2147483647;
			files = (
				FBA1D0FE2AC85E49001E3262 /* SwiftUI_WeatherTests.swift in Sources */,
			);
			runOnlyForDeploymentPostprocessing = 0;
		};
		FBA1D0FF2AC85E49001E3262 /* Sources */ = {
			isa = PBXSourcesBuildPhase;
			buildActionMask = 2147483647;
			files = (
				FBA1D1082AC85E49001E3262 /* SwiftUI_WeatherUITests.swift in Sources */,
				FBA1D10A2AC85E49001E3262 /* SwiftUI_WeatherUITestsLaunchTests.swift in Sources */,
			);
			runOnlyForDeploymentPostprocessing = 0;
		};
/* End PBXSourcesBuildPhase section */

/* Begin PBXTargetDependency section */
		FBA1D0FB2AC85E49001E3262 /* PBXTargetDependency */ = {
			isa = PBXTargetDependency;
			target = FBA1D0E72AC85E47001E3262 /* SwiftUI-Weather */;
			targetProxy = FBA1D0FA2AC85E49001E3262 /* PBXContainerItemProxy */;
		};
		FBA1D1052AC85E49001E3262 /* PBXTargetDependency */ = {
			isa = PBXTargetDependency;
			target = FBA1D0E72AC85E47001E3262 /* SwiftUI-Weather */;
			targetProxy = FBA1D1042AC85E49001E3262 /* PBXContainerItemProxy */;
		};
/* End PBXTargetDependency section */

/* Begin XCBuildConfiguration section */
		FBA1D10B2AC85E49001E3262 /* Debug */ = {
			isa = XCBuildConfiguration;
			buildSettings = {
				ALWAYS_SEARCH_USER_PATHS = NO;
				ASSETCATALOG_COMPILER_GENERATE_SWIFT_ASSET_SYMBOL_EXTENSIONS = YES;
				CLANG_ANALYZER_NONNULL = YES;
				CLANG_ANALYZER_NUMBER_OBJECT_CONVERSION = YES_AGGRESSIVE;
				CLANG_CXX_LANGUAGE_STANDARD = "gnu++20";
				CLANG_ENABLE_MODULES = YES;
				CLANG_ENABLE_OBJC_ARC = YES;
				CLANG_ENABLE_OBJC_WEAK = YES;
				CLANG_WARN_BLOCK_CAPTURE_AUTORELEASING = YES;
				CLANG_WARN_BOOL_CONVERSION = YES;
				CLANG_WARN_COMMA = YES;
				CLANG_WARN_CONSTANT_CONVERSION = YES;
				CLANG_WARN_DEPRECATED_OBJC_IMPLEMENTATIONS = YES;
				CLANG_WARN_DIRECT_OBJC_ISA_USAGE = YES_ERROR;
				CLANG_WARN_DOCUMENTATION_COMMENTS = YES;
				CLANG_WARN_EMPTY_BODY = YES;
				CLANG_WARN_ENUM_CONVERSION = YES;
				CLANG_WARN_INFINITE_RECURSION = YES;
				CLANG_WARN_INT_CONVERSION = YES;
				CLANG_WARN_NON_LITERAL_NULL_CONVERSION = YES;
				CLANG_WARN_OBJC_IMPLICIT_RETAIN_SELF = YES;
				CLANG_WARN_OBJC_LITERAL_CONVERSION = YES;
				CLANG_WARN_OBJC_ROOT_CLASS = YES_ERROR;
				CLANG_WARN_QUOTED_INCLUDE_IN_FRAMEWORK_HEADER = YES;
				CLANG_WARN_RANGE_LOOP_ANALYSIS = YES;
				CLANG_WARN_STRICT_PROTOTYPES = YES;
				CLANG_WARN_SUSPICIOUS_MOVE = YES;
				CLANG_WARN_UNGUARDED_AVAILABILITY = YES_AGGRESSIVE;
				CLANG_WARN_UNREACHABLE_CODE = YES;
				CLANG_WARN__DUPLICATE_METHOD_MATCH = YES;
				COPY_PHASE_STRIP = NO;
				DEBUG_INFORMATION_FORMAT = dwarf;
				ENABLE_STRICT_OBJC_MSGSEND = YES;
				ENABLE_TESTABILITY = YES;
				ENABLE_USER_SCRIPT_SANDBOXING = YES;
				GCC_C_LANGUAGE_STANDARD = gnu17;
				GCC_DYNAMIC_NO_PIC = NO;
				GCC_NO_COMMON_BLOCKS = YES;
				GCC_OPTIMIZATION_LEVEL = 0;
				GCC_PREPROCESSOR_DEFINITIONS = (
					"DEBUG=1",
					"$(inherited)",
				);
				GCC_WARN_64_TO_32_BIT_CONVERSION = YES;
				GCC_WARN_ABOUT_RETURN_TYPE = YES_ERROR;
				GCC_WARN_UNDECLARED_SELECTOR = YES;
				GCC_WARN_UNINITIALIZED_AUTOS = YES_AGGRESSIVE;
				GCC_WARN_UNUSED_FUNCTION = YES;
				GCC_WARN_UNUSED_VARIABLE = YES;
				LOCALIZATION_PREFERS_STRING_CATALOGS = YES;
				MTL_ENABLE_DEBUG_INFO = INCLUDE_SOURCE;
				MTL_FAST_MATH = YES;
				ONLY_ACTIVE_ARCH = YES;
				SWIFT_ACTIVE_COMPILATION_CONDITIONS = "DEBUG $(inherited)";
				SWIFT_OPTIMIZATION_LEVEL = "-Onone";
			};
			name = Debug;
		};
		FBA1D10C2AC85E49001E3262 /* Release */ = {
			isa = XCBuildConfiguration;
			buildSettings = {
				ALWAYS_SEARCH_USER_PATHS = NO;
				ASSETCATALOG_COMPILER_GENERATE_SWIFT_ASSET_SYMBOL_EXTENSIONS = YES;
				CLANG_ANALYZER_NONNULL = YES;
				CLANG_ANALYZER_NUMBER_OBJECT_CONVERSION = YES_AGGRESSIVE;
				CLANG_CXX_LANGUAGE_STANDARD = "gnu++20";
				CLANG_ENABLE_MODULES = YES;
				CLANG_ENABLE_OBJC_ARC = YES;
				CLANG_ENABLE_OBJC_WEAK = YES;
				CLANG_WARN_BLOCK_CAPTURE_AUTORELEASING = YES;
				CLANG_WARN_BOOL_CONVERSION = YES;
				CLANG_WARN_COMMA = YES;
				CLANG_WARN_CONSTANT_CONVERSION = YES;
				CLANG_WARN_DEPRECATED_OBJC_IMPLEMENTATIONS = YES;
				CLANG_WARN_DIRECT_OBJC_ISA_USAGE = YES_ERROR;
				CLANG_WARN_DOCUMENTATION_COMMENTS = YES;
				CLANG_WARN_EMPTY_BODY = YES;
				CLANG_WARN_ENUM_CONVERSION = YES;
				CLANG_WARN_INFINITE_RECURSION = YES;
				CLANG_WARN_INT_CONVERSION = YES;
				CLANG_WARN_NON_LITERAL_NULL_CONVERSION = YES;
				CLANG_WARN_OBJC_IMPLICIT_RETAIN_SELF = YES;
				CLANG_WARN_OBJC_LITERAL_CONVERSION = YES;
				CLANG_WARN_OBJC_ROOT_CLASS = YES_ERROR;
				CLANG_WARN_QUOTED_INCLUDE_IN_FRAMEWORK_HEADER = YES;
				CLANG_WARN_RANGE_LOOP_ANALYSIS = YES;
				CLANG_WARN_STRICT_PROTOTYPES = YES;
				CLANG_WARN_SUSPICIOUS_MOVE = YES;
				CLANG_WARN_UNGUARDED_AVAILABILITY = YES_AGGRESSIVE;
				CLANG_WARN_UNREACHABLE_CODE = YES;
				CLANG_WARN__DUPLICATE_METHOD_MATCH = YES;
				COPY_PHASE_STRIP = NO;
				DEBUG_INFORMATION_FORMAT = "dwarf-with-dsym";
				ENABLE_NS_ASSERTIONS = NO;
				ENABLE_STRICT_OBJC_MSGSEND = YES;
				ENABLE_USER_SCRIPT_SANDBOXING = YES;
				GCC_C_LANGUAGE_STANDARD = gnu17;
				GCC_NO_COMMON_BLOCKS = YES;
				GCC_WARN_64_TO_32_BIT_CONVERSION = YES;
				GCC_WARN_ABOUT_RETURN_TYPE = YES_ERROR;
				GCC_WARN_UNDECLARED_SELECTOR = YES;
				GCC_WARN_UNINITIALIZED_AUTOS = YES_AGGRESSIVE;
				GCC_WARN_UNUSED_FUNCTION = YES;
				GCC_WARN_UNUSED_VARIABLE = YES;
				LOCALIZATION_PREFERS_STRING_CATALOGS = YES;
				MTL_ENABLE_DEBUG_INFO = NO;
				MTL_FAST_MATH = YES;
				SWIFT_COMPILATION_MODE = wholemodule;
			};
			name = Release;
		};
		FBA1D10E2AC85E49001E3262 /* Debug */ = {
			isa = XCBuildConfiguration;
			buildSettings = {
				ASSETCATALOG_COMPILER_APPICON_NAME = AppIcon;
				ASSETCATALOG_COMPILER_GLOBAL_ACCENT_COLOR_NAME = AccentColor;
				CODE_SIGN_ENTITLEMENTS = "SwiftUI-Weather/SwiftUI_Weather.entitlements";
				CODE_SIGN_STYLE = Automatic;
				CURRENT_PROJECT_VERSION = 1;
				DEVELOPMENT_ASSET_PATHS = "\"SwiftUI-Weather/Preview Content\"";
				DEVELOPMENT_TEAM = FJAGVBA8NB;
				ENABLE_HARDENED_RUNTIME = YES;
				ENABLE_PREVIEWS = YES;
				GENERATE_INFOPLIST_FILE = YES;
				"INFOPLIST_KEY_UIApplicationSceneManifest_Generation[sdk=iphoneos*]" = YES;
				"INFOPLIST_KEY_UIApplicationSceneManifest_Generation[sdk=iphonesimulator*]" = YES;
				"INFOPLIST_KEY_UIApplicationSupportsIndirectInputEvents[sdk=iphoneos*]" = YES;
				"INFOPLIST_KEY_UIApplicationSupportsIndirectInputEvents[sdk=iphonesimulator*]" = YES;
				"INFOPLIST_KEY_UILaunchScreen_Generation[sdk=iphoneos*]" = YES;
				"INFOPLIST_KEY_UILaunchScreen_Generation[sdk=iphonesimulator*]" = YES;
				"INFOPLIST_KEY_UIStatusBarStyle[sdk=iphoneos*]" = UIStatusBarStyleDefault;
				"INFOPLIST_KEY_UIStatusBarStyle[sdk=iphonesimulator*]" = UIStatusBarStyleDefault;
				INFOPLIST_KEY_UISupportedInterfaceOrientations_iPad = "UIInterfaceOrientationPortrait UIInterfaceOrientationPortraitUpsideDown UIInterfaceOrientationLandscapeLeft UIInterfaceOrientationLandscapeRight";
				INFOPLIST_KEY_UISupportedInterfaceOrientations_iPhone = "UIInterfaceOrientationPortrait UIInterfaceOrientationLandscapeLeft UIInterfaceOrientationLandscapeRight";
				IPHONEOS_DEPLOYMENT_TARGET = 17.0;
				LD_RUNPATH_SEARCH_PATHS = "@executable_path/Frameworks";
				"LD_RUNPATH_SEARCH_PATHS[sdk=macosx*]" = "@executable_path/../Frameworks";
				MACOSX_DEPLOYMENT_TARGET = 14.0;
				MARKETING_VERSION = 1.0;
				PRODUCT_BUNDLE_IDENTIFIER = "SunjBob.SwiftUI-Weather";
				PRODUCT_NAME = "$(TARGET_NAME)";
				SDKROOT = auto;
				SUPPORTED_PLATFORMS = "iphoneos iphonesimulator macosx";
				SWIFT_EMIT_LOC_STRINGS = YES;
				SWIFT_VERSION = 5.0;
				TARGETED_DEVICE_FAMILY = "1,2";
			};
			name = Debug;
		};
		FBA1D10F2AC85E49001E3262 /* Release */ = {
			isa = XCBuildConfiguration;
			buildSettings = {
				ASSETCATALOG_COMPILER_APPICON_NAME = AppIcon;
				ASSETCATALOG_COMPILER_GLOBAL_ACCENT_COLOR_NAME = AccentColor;
				CODE_SIGN_ENTITLEMENTS = "SwiftUI-Weather/SwiftUI_Weather.entitlements";
				CODE_SIGN_STYLE = Automatic;
				CURRENT_PROJECT_VERSION = 1;
				DEVELOPMENT_ASSET_PATHS = "\"SwiftUI-Weather/Preview Content\"";
				DEVELOPMENT_TEAM = FJAGVBA8NB;
				ENABLE_HARDENED_RUNTIME = YES;
				ENABLE_PREVIEWS = YES;
				GENERATE_INFOPLIST_FILE = YES;
				"INFOPLIST_KEY_UIApplicationSceneManifest_Generation[sdk=iphoneos*]" = YES;
				"INFOPLIST_KEY_UIApplicationSceneManifest_Generation[sdk=iphonesimulator*]" = YES;
				"INFOPLIST_KEY_UIApplicationSupportsIndirectInputEvents[sdk=iphoneos*]" = YES;
				"INFOPLIST_KEY_UIApplicationSupportsIndirectInputEvents[sdk=iphonesimulator*]" = YES;
				"INFOPLIST_KEY_UILaunchScreen_Generation[sdk=iphoneos*]" = YES;
				"INFOPLIST_KEY_UILaunchScreen_Generation[sdk=iphonesimulator*]" = YES;
				"INFOPLIST_KEY_UIStatusBarStyle[sdk=iphoneos*]" = UIStatusBarStyleDefault;
				"INFOPLIST_KEY_UIStatusBarStyle[sdk=iphonesimulator*]" = UIStatusBarStyleDefault;
				INFOPLIST_KEY_UISupportedInterfaceOrientations_iPad = "UIInterfaceOrientationPortrait UIInterfaceOrientationPortraitUpsideDown UIInterfaceOrientationLandscapeLeft UIInterfaceOrientationLandscapeRight";
				INFOPLIST_KEY_UISupportedInterfaceOrientations_iPhone = "UIInterfaceOrientationPortrait UIInterfaceOrientationLandscapeLeft UIInterfaceOrientationLandscapeRight";
				IPHONEOS_DEPLOYMENT_TARGET = 17.0;
				LD_RUNPATH_SEARCH_PATHS = "@executable_path/Frameworks";
				"LD_RUNPATH_SEARCH_PATHS[sdk=macosx*]" = "@executable_path/../Frameworks";
				MACOSX_DEPLOYMENT_TARGET = 14.0;
				MARKETING_VERSION = 1.0;
				PRODUCT_BUNDLE_IDENTIFIER = "SunjBob.SwiftUI-Weather";
				PRODUCT_NAME = "$(TARGET_NAME)";
				SDKROOT = auto;
				SUPPORTED_PLATFORMS = "iphoneos iphonesimulator macosx";
				SWIFT_EMIT_LOC_STRINGS = YES;
				SWIFT_VERSION = 5.0;
				TARGETED_DEVICE_FAMILY = "1,2";
			};
			name = Release;
		};
		FBA1D1112AC85E49001E3262 /* Debug */ = {
			isa = XCBuildConfiguration;
			buildSettings = {
				ALWAYS_EMBED_SWIFT_STANDARD_LIBRARIES = YES;
				BUNDLE_LOADER = "$(TEST_HOST)";
				CODE_SIGN_STYLE = Automatic;
				CURRENT_PROJECT_VERSION = 1;
				DEVELOPMENT_TEAM = FJAGVBA8NB;
				GENERATE_INFOPLIST_FILE = YES;
				IPHONEOS_DEPLOYMENT_TARGET = 17.0;
				MACOSX_DEPLOYMENT_TARGET = 14.0;
				MARKETING_VERSION = 1.0;
				PRODUCT_BUNDLE_IDENTIFIER = "SunjBob.SwiftUI-WeatherTests";
				PRODUCT_NAME = "$(TARGET_NAME)";
				SDKROOT = auto;
				SUPPORTED_PLATFORMS = "iphoneos iphonesimulator macosx";
				SWIFT_EMIT_LOC_STRINGS = NO;
				SWIFT_VERSION = 5.0;
				TARGETED_DEVICE_FAMILY = "1,2";
				TEST_HOST = "$(BUILT_PRODUCTS_DIR)/SwiftUI-Weather.app/$(BUNDLE_EXECUTABLE_FOLDER_PATH)/SwiftUI-Weather";
			};
			name = Debug;
		};
		FBA1D1122AC85E49001E3262 /* Release */ = {
			isa = XCBuildConfiguration;
			buildSettings = {
				ALWAYS_EMBED_SWIFT_STANDARD_LIBRARIES = YES;
				BUNDLE_LOADER = "$(TEST_HOST)";
				CODE_SIGN_STYLE = Automatic;
				CURRENT_PROJECT_VERSION = 1;
				DEVELOPMENT_TEAM = FJAGVBA8NB;
				GENERATE_INFOPLIST_FILE = YES;
				IPHONEOS_DEPLOYMENT_TARGET = 17.0;
				MACOSX_DEPLOYMENT_TARGET = 14.0;
				MARKETING_VERSION = 1.0;
				PRODUCT_BUNDLE_IDENTIFIER = "SunjBob.SwiftUI-WeatherTests";
				PRODUCT_NAME = "$(TARGET_NAME)";
				SDKROOT = auto;
				SUPPORTED_PLATFORMS = "iphoneos iphonesimulator macosx";
				SWIFT_EMIT_LOC_STRINGS = NO;
				SWIFT_VERSION = 5.0;
				TARGETED_DEVICE_FAMILY = "1,2";
				TEST_HOST = "$(BUILT_PRODUCTS_DIR)/SwiftUI-Weather.app/$(BUNDLE_EXECUTABLE_FOLDER_PATH)/SwiftUI-Weather";
			};
			name = Release;
		};
		FBA1D1142AC85E49001E3262 /* Debug */ = {
			isa = XCBuildConfiguration;
			buildSettings = {
				ALWAYS_EMBED_SWIFT_STANDARD_LIBRARIES = YES;
				CODE_SIGN_STYLE = Automatic;
				CURRENT_PROJECT_VERSION = 1;
				DEVELOPMENT_TEAM = FJAGVBA8NB;
				GENERATE_INFOPLIST_FILE = YES;
				IPHONEOS_DEPLOYMENT_TARGET = 17.0;
				MACOSX_DEPLOYMENT_TARGET = 14.0;
				MARKETING_VERSION = 1.0;
				PRODUCT_BUNDLE_IDENTIFIER = "SunjBob.SwiftUI-WeatherUITests";
				PRODUCT_NAME = "$(TARGET_NAME)";
				SDKROOT = auto;
				SUPPORTED_PLATFORMS = "iphoneos iphonesimulator macosx";
				SWIFT_EMIT_LOC_STRINGS = NO;
				SWIFT_VERSION = 5.0;
				TARGETED_DEVICE_FAMILY = "1,2";
				TEST_TARGET_NAME = "SwiftUI-Weather";
			};
			name = Debug;
		};
		FBA1D1152AC85E49001E3262 /* Release */ = {
			isa = XCBuildConfiguration;
			buildSettings = {
				ALWAYS_EMBED_SWIFT_STANDARD_LIBRARIES = YES;
				CODE_SIGN_STYLE = Automatic;
				CURRENT_PROJECT_VERSION = 1;
				DEVELOPMENT_TEAM = FJAGVBA8NB;
				GENERATE_INFOPLIST_FILE = YES;
				IPHONEOS_DEPLOYMENT_TARGET = 17.0;
				MACOSX_DEPLOYMENT_TARGET = 14.0;
				MARKETING_VERSION = 1.0;
				PRODUCT_BUNDLE_IDENTIFIER = "SunjBob.SwiftUI-WeatherUITests";
				PRODUCT_NAME = "$(TARGET_NAME)";
				SDKROOT = auto;
				SUPPORTED_PLATFORMS = "iphoneos iphonesimulator macosx";
				SWIFT_EMIT_LOC_STRINGS = NO;
				SWIFT_VERSION = 5.0;
				TARGETED_DEVICE_FAMILY = "1,2";
				TEST_TARGET_NAME = "SwiftUI-Weather";
			};
			name = Release;
		};
/* End XCBuildConfiguration section */

/* Begin XCConfigurationList section */
		FBA1D0E32AC85E47001E3262 /* Build configuration list for PBXProject "SwiftUI-Weather" */ = {
			isa = XCConfigurationList;
			buildConfigurations = (
				FBA1D10B2AC85E49001E3262 /* Debug */,
				FBA1D10C2AC85E49001E3262 /* Release */,
			);
			defaultConfigurationIsVisible = 0;
			defaultConfigurationName = Release;
		};
		FBA1D10D2AC85E49001E3262 /* Build configuration list for PBXNativeTarget "SwiftUI-Weather" */ = {
			isa = XCConfigurationList;
			buildConfigurations = (
				FBA1D10E2AC85E49001E3262 /* Debug */,
				FBA1D10F2AC85E49001E3262 /* Release */,
			);
			defaultConfigurationIsVisible = 0;
			defaultConfigurationName = Release;
		};
		FBA1D1102AC85E49001E3262 /* Build configuration list for PBXNativeTarget "SwiftUI-WeatherTests" */ = {
			isa = XCConfigurationList;
			buildConfigurations = (
				FBA1D1112AC85E49001E3262 /* Debug */,
				FBA1D1122AC85E49001E3262 /* Release */,
			);
			defaultConfigurationIsVisible = 0;
			defaultConfigurationName = Release;
		};
		FBA1D1132AC85E49001E3262 /* Build configuration list for PBXNativeTarget "SwiftUI-WeatherUITests" */ = {
			isa = XCConfigurationList;
			buildConfigurations = (
				FBA1D1142AC85E49001E3262 /* Debug */,
				FBA1D1152AC85E49001E3262 /* Release */,
			);
			defaultConfigurationIsVisible = 0;
			defaultConfigurationName = Release;
		};
/* End XCConfigurationList section */
	};
	rootObject = FBA1D0E02AC85E47001E3262 /* Project object */;
}
